
Microsoft Visual Studio Solution File, Format Version 12.00
Project("{FAE04EC0-301F-11D3-BF4B-00C04F79EFBC}") = "DeepEqualsGenerator", "DeepEqualsGenerator\DeepEqualsGenerator.csproj", "{44099F3C-3746-43E3-8082-8945864B39AE}"
EndProject
Project("{FAE04EC0-301F-11D3-BF4B-00C04F79EFBC}") = "DeepEqualsGenerator.Tests", "DeepEqualsGenerator.Tests\DeepEqualsGenerator.Tests.csproj", "{FE076B97-2ED2-4106-B463-886FA583D073}"
EndProject
Project("{FAE04EC0-301F-11D3-BF4B-00C04F79EFBC}") = "DeepEqualsGenerator.SourceGenerator", "DeepEqualsGenerator.SourceGenerator\DeepEqualsGenerator.SourceGenerator.csproj", "{CA971FE3-2732-4015-BF17-11A6A096DC87}"
EndProject
Global
	GlobalSection(SolutionConfigurationPlatforms) = preSolution
		Debug|Any CPU = Debug|Any CPU
		Release|Any CPU = Release|Any CPU
	EndGlobalSection
	GlobalSection(ProjectConfigurationPlatforms) = postSolution
		{44099F3C-3746-43E3-8082-8945864B39AE}.Debug|Any CPU.ActiveCfg = Debug|Any CPU
		{44099F3C-3746-43E3-8082-8945864B39AE}.Debug|Any CPU.Build.0 = Debug|Any CPU
		{44099F3C-3746-43E3-8082-8945864B39AE}.Release|Any CPU.ActiveCfg = Release|Any CPU
		{44099F3C-3746-43E3-8082-8945864B39AE}.Release|Any CPU.Build.0 = Release|Any CPU
		{FE076B97-2ED2-4106-B463-886FA583D073}.Debug|Any CPU.ActiveCfg = Debug|Any CPU
		{FE076B97-2ED2-4106-B463-886FA583D073}.Debug|Any CPU.Build.0 = Debug|Any CPU
		{FE076B97-2ED2-4106-B463-886FA583D073}.Release|Any CPU.ActiveCfg = Release|Any CPU
		{FE076B97-2ED2-4106-B463-886FA583D073}.Release|Any CPU.Build.0 = Release|Any CPU
		{CA971FE3-2732-4015-BF17-11A6A096DC87}.Debug|Any CPU.ActiveCfg = Debug|Any CPU
		{CA971FE3-2732-4015-BF17-11A6A096DC87}.Debug|Any CPU.Build.0 = Debug|Any CPU
		{CA971FE3-2732-4015-BF17-11A6A096DC87}.Release|Any CPU.ActiveCfg = Release|Any CPU
		{CA971FE3-2732-4015-BF17-11A6A096DC87}.Release|Any CPU.Build.0 = Release|Any CPU
	EndGlobalSection
EndGlobal
